{
  "name": "test",
  "version": "1.0.0",
  "lockfileVersion": 1,
  "requires": true,
  "dependencies": {
    "kisa-metaka": {
      "version": "1.0.1",
      "resolved": "https://registry.npmjs.org/kisa-metaka/-/kisa-metaka-1.0.1.tgz",
      "integrity": "sha512-akvgi7BfZ/oV0fv0TJvnbh7RqQDfygH74IdLhj0SPl0lqPmVEl+CYfU4NMy6Gu8g523OlEn+/F7a6TJ6QQffiA=="
    }
  }
}
